
Microsoft Visual Studio Solution File, Format Version 12.00
# Visual Studio Version 17
VisualStudioVersion = 17.3.32819.101
MinimumVisualStudioVersion = 10.0.40219.1
Project("{FAE04EC0-301F-11D3-BF4B-00C04F79EFBC}") = "VoNguyenKhoa_2080600032_BigSchool", "VoNguyenKhoa_2080600032_BigSchool.csproj", "{1844552A-8B28-4A26-8D5E-936B746D24CC}"
EndProject
Global
	GlobalSection(SolutionConfigurationPlatforms) = preSolution
		Debug|Any CPU = Debug|Any CPU
		Release|Any CPU = Release|Any CPU
	EndGlobalSection
	GlobalSection(ProjectConfigurationPlatforms) = postSolution
		{1844552A-8B28-4A26-8D5E-936B746D24CC}.Debug|Any CPU.ActiveCfg = Debug|Any CPU
		{1844552A-8B28-4A26-8D5E-936B746D24CC}.Debug|Any CPU.Build.0 = Debug|Any CPU
		{1844552A-8B28-4A26-8D5E-936B746D24CC}.Release|Any CPU.ActiveCfg = Release|Any CPU
		{1844552A-8B28-4A26-8D5E-936B746D24CC}.Release|Any CPU.Build.0 = Release|Any CPU
	EndGlobalSection
	GlobalSection(SolutionProperties) = preSolution
		HideSolutionNode = FALSE
	EndGlobalSection
	GlobalSection(ExtensibilityGlobals) = postSolution
		SolutionGuid = {F359AD32-8F73-4D2B-B1E7-DC4496A6367B}
	EndGlobalSection
EndGlobal
